{
  "name": "visual-ai-staging",
  "version": "0.0.2",
  "lockfileVersion": 3,
  "requires": true,
  "packages": {
    "": {
      "name": "visual-ai-staging",
      "version": "0.0.2",
      "license": "MIT",
      "dependencies": {
        "visual-ai-staging": "^0.0.7"
      },
      "bin": {
        "vais": "cli.js"
      }
    },
    "node_modules/visual-ai-staging": {
      "version": "0.0.7",
      "resolved": "https://registry.npmjs.org/visual-ai-staging/-/visual-ai-staging-0.0.7.tgz",
      "integrity": "sha512-YpVuQW072W/M1cdEbhr/ZTSDRHnUG7NEKRiQn/m5HNVD41LDVU+L859MZtCBFWaBWV15YuK4BSdJ0+YqLLH0Xg==",
      "license": "MIT",
      "bin": {
        "vais": "cli.js"
      }
    }
  }
}
